
Microsoft Visual Studio Solution File, Format Version 12.00
# Visual Studio Version 17
VisualStudioVersion = 17.11.35327.3
MinimumVisualStudioVersion = 10.0.40219.1
Project("{FAE04EC0-301F-11D3-BF4B-00C04F79EFBC}") = "CRUD", "CRUD\CRUD.csproj", "{927666F4-F469-4B3F-B2D1-29BD15A09E11}"
EndProject
Global
	GlobalSection(SolutionConfigurationPlatforms) = preSolution
		Debug|Any CPU = Debug|Any CPU
		Release|Any CPU = Release|Any CPU
	EndGlobalSection
	GlobalSection(ProjectConfigurationPlatforms) = postSolution
		{927666F4-F469-4B3F-B2D1-29BD15A09E11}.Debug|Any CPU.ActiveCfg = Debug|Any CPU
		{927666F4-F469-4B3F-B2D1-29BD15A09E11}.Debug|Any CPU.Build.0 = Debug|Any CPU
		{927666F4-F469-4B3F-B2D1-29BD15A09E11}.Release|Any CPU.ActiveCfg = Release|Any CPU
		{927666F4-F469-4B3F-B2D1-29BD15A09E11}.Release|Any CPU.Build.0 = Release|Any CPU
	EndGlobalSection
	GlobalSection(SolutionProperties) = preSolution
		HideSolutionNode = FALSE
	EndGlobalSection
	GlobalSection(ExtensibilityGlobals) = postSolution
		SolutionGuid = {9B0FDE90-9A4B-4685-8582-F003504888F7}
	EndGlobalSection
EndGlobal
